
Microsoft Visual Studio Solution File, Format Version 11.00
# Visual Studio 2010
Project("{FAE04EC0-301F-11D3-BF4B-00C04F79EFBC}") = "Assembly-CSharp-firstpass", "Assembly-CSharp-firstpass.csproj", "{F91A7AC0-9CCF-B11C-6801-AFB5F3DC8808}"
EndProject
Project("{FAE04EC0-301F-11D3-BF4B-00C04F79EFBC}") = "LeapMotion.LeapCSharp", "LeapMotion.LeapCSharp.csproj", "{7554C7B8-B6A4-06C5-F127-BEB9DF866B0C}"
EndProject
Project("{FAE04EC0-301F-11D3-BF4B-00C04F79EFBC}") = "Assembly-CSharp", "Assembly-CSharp.csproj", "{17F1E4CD-F79F-4178-E1F4-B7858DCBF80E}"
EndProject
Project("{FAE04EC0-301F-11D3-BF4B-00C04F79EFBC}") = "Assembly-CSharp-Editor-firstpass", "Assembly-CSharp-Editor-firstpass.csproj", "{EA65F960-DAF8-D1D3-5E6B-F98EF16DC90E}"
EndProject
Project("{FAE04EC0-301F-11D3-BF4B-00C04F79EFBC}") = "Assembly-CSharp-Editor", "Assembly-CSharp-Editor.csproj", "{1C073DC0-CACC-6953-6775-A40E9DC3014F}"
EndProject
Global
	GlobalSection(SolutionConfigurationPlatforms) = preSolution
		Debug|Any CPU = Debug|Any CPU
		Release|Any CPU = Release|Any CPU
	EndGlobalSection
	GlobalSection(ProjectConfigurationPlatforms) = postSolution
		{F91A7AC0-9CCF-B11C-6801-AFB5F3DC8808}.Debug|Any CPU.ActiveCfg = Debug|Any CPU
		{F91A7AC0-9CCF-B11C-6801-AFB5F3DC8808}.Debug|Any CPU.Build.0 = Debug|Any CPU
		{F91A7AC0-9CCF-B11C-6801-AFB5F3DC8808}.Release|Any CPU.ActiveCfg = Release|Any CPU
		{F91A7AC0-9CCF-B11C-6801-AFB5F3DC8808}.Release|Any CPU.Build.0 = Release|Any CPU
		{7554C7B8-B6A4-06C5-F127-BEB9DF866B0C}.Debug|Any CPU.ActiveCfg = Debug|Any CPU
		{7554C7B8-B6A4-06C5-F127-BEB9DF866B0C}.Debug|Any CPU.Build.0 = Debug|Any CPU
		{7554C7B8-B6A4-06C5-F127-BEB9DF866B0C}.Release|Any CPU.ActiveCfg = Release|Any CPU
		{7554C7B8-B6A4-06C5-F127-BEB9DF866B0C}.Release|Any CPU.Build.0 = Release|Any CPU
		{17F1E4CD-F79F-4178-E1F4-B7858DCBF80E}.Debug|Any CPU.ActiveCfg = Debug|Any CPU
		{17F1E4CD-F79F-4178-E1F4-B7858DCBF80E}.Debug|Any CPU.Build.0 = Debug|Any CPU
		{17F1E4CD-F79F-4178-E1F4-B7858DCBF80E}.Release|Any CPU.ActiveCfg = Release|Any CPU
		{17F1E4CD-F79F-4178-E1F4-B7858DCBF80E}.Release|Any CPU.Build.0 = Release|Any CPU
		{EA65F960-DAF8-D1D3-5E6B-F98EF16DC90E}.Debug|Any CPU.ActiveCfg = Debug|Any CPU
		{EA65F960-DAF8-D1D3-5E6B-F98EF16DC90E}.Debug|Any CPU.Build.0 = Debug|Any CPU
		{EA65F960-DAF8-D1D3-5E6B-F98EF16DC90E}.Release|Any CPU.ActiveCfg = Release|Any CPU
		{EA65F960-DAF8-D1D3-5E6B-F98EF16DC90E}.Release|Any CPU.Build.0 = Release|Any CPU
		{1C073DC0-CACC-6953-6775-A40E9DC3014F}.Debug|Any CPU.ActiveCfg = Debug|Any CPU
		{1C073DC0-CACC-6953-6775-A40E9DC3014F}.Debug|Any CPU.Build.0 = Debug|Any CPU
		{1C073DC0-CACC-6953-6775-A40E9DC3014F}.Release|Any CPU.ActiveCfg = Release|Any CPU
		{1C073DC0-CACC-6953-6775-A40E9DC3014F}.Release|Any CPU.Build.0 = Release|Any CPU
	EndGlobalSection
	GlobalSection(SolutionProperties) = preSolution
		HideSolutionNode = FALSE
	EndGlobalSection
EndGlobal
